
Microsoft Visual Studio Solution File, Format Version 12.00
# Visual Studio Version 17
VisualStudioVersion = 17.0.31903.59
MinimumVisualStudioVersion = 10.0.40219.1
Project("{2150E333-8FDC-42A3-9474-1A3956D46DE8}") = "src", "src", "{827E0CD3-B72D-47B6-A68D-7590B98EB39B}"
EndProject
Project("{FAE04EC0-301F-11D3-BF4B-00C04F79EFBC}") = "NetCrypto", "src\NetCrypto\NetCrypto.csproj", "{6A4773C3-2076-4039-BE00-3C18DC4F23A7}"
EndProject
Project("{2150E333-8FDC-42A3-9474-1A3956D46DE8}") = "tests", "tests", "{0AB3BF05-4346-4AA6-1389-037BE0695223}"
EndProject
Project("{FAE04EC0-301F-11D3-BF4B-00C04F79EFBC}") = "NetCrypto.Tests", "tests\NetCrypto.Tests\NetCrypto.Tests.csproj", "{BE56C9CB-94B7-42C9-BEE1-8C5BF4C2DDF9}"
EndProject
Project("{2150E333-8FDC-42A3-9474-1A3956D46DE8}") = "samples", "samples", "{5D20AA90-6969-D8BD-9DCD-8634F4692FDA}"
EndProject
Project("{FAE04EC0-301F-11D3-BF4B-00C04F79EFBC}") = "NetCrypto.Samples.Bbs", "samples\NetCrypto.Samples.Bbs\NetCrypto.Samples.Bbs.csproj", "{03818817-9547-4961-8CB0-E01B588AE192}"
EndProject
Project("{FAE04EC0-301F-11D3-BF4B-00C04F79EFBC}") = "NetCrypto.Samples.DependencyInjection", "samples\NetCrypto.Samples.DependencyInjection\NetCrypto.Samples.DependencyInjection.csproj", "{5C4B8D99-C55D-4BDB-BC47-46119CF29611}"
EndProject
Project("{FAE04EC0-301F-11D3-BF4B-00C04F79EFBC}") = "NetCrypto.Samples.Encryption", "samples\NetCrypto.Samples.Encryption\NetCrypto.Samples.Encryption.csproj", "{0F9FB89D-6353-450F-9B49-14C0D24DB1EB}"
EndProject
Project("{FAE04EC0-301F-11D3-BF4B-00C04F79EFBC}") = "NetCrypto.Samples.EvmSigning", "samples\NetCrypto.Samples.EvmSigning\NetCrypto.Samples.EvmSigning.csproj", "{7567DACE-38D2-4399-B9E6-D1381BC67707}"
EndProject
Project("{FAE04EC0-301F-11D3-BF4B-00C04F79EFBC}") = "NetCrypto.Samples.Hashing", "samples\NetCrypto.Samples.Hashing\NetCrypto.Samples.Hashing.csproj", "{91F020C1-EF49-4D65-A201-2FBE802D3762}"
EndProject
Project("{FAE04EC0-301F-11D3-BF4B-00C04F79EFBC}") = "NetCrypto.Samples.Jwk", "samples\NetCrypto.Samples.Jwk\NetCrypto.Samples.Jwk.csproj", "{4B1B05EB-E04F-401E-B5BF-D0EE3074C20B}"
EndProject
Project("{FAE04EC0-301F-11D3-BF4B-00C04F79EFBC}") = "NetCrypto.Samples.KeyAgreement", "samples\NetCrypto.Samples.KeyAgreement\NetCrypto.Samples.KeyAgreement.csproj", "{40B0797F-16CF-440F-82DC-140D3EBAF28F}"
EndProject
Project("{FAE04EC0-301F-11D3-BF4B-00C04F79EFBC}") = "NetCrypto.Samples.Keys", "samples\NetCrypto.Samples.Keys\NetCrypto.Samples.Keys.csproj", "{1FDA72DC-B765-472F-800D-DB548DBA765E}"
EndProject
Project("{FAE04EC0-301F-11D3-BF4B-00C04F79EFBC}") = "NetCrypto.Samples.Signers", "samples\NetCrypto.Samples.Signers\NetCrypto.Samples.Signers.csproj", "{925D2234-2317-4084-877D-68F875EA52C2}"
EndProject
Project("{FAE04EC0-301F-11D3-BF4B-00C04F79EFBC}") = "NetCrypto.Samples.Signing", "samples\NetCrypto.Samples.Signing\NetCrypto.Samples.Signing.csproj", "{B78FD929-99EC-4025-92EB-76EEF519D2FC}"
EndProject
Project("{2150E333-8FDC-42A3-9474-1A3956D46DE8}") = "tools", "tools", "{07C2787E-EAC7-C090-1BA3-A61EC2A24D84}"
EndProject
Project("{FAE04EC0-301F-11D3-BF4B-00C04F79EFBC}") = "ApiCoverageCheck", "tools\ApiCoverageCheck\ApiCoverageCheck.csproj", "{334FBC80-0913-4648-8498-43C690B4032A}"
EndProject
Global
	GlobalSection(SolutionConfigurationPlatforms) = preSolution
		Debug|Any CPU = Debug|Any CPU
		Debug|x64 = Debug|x64
		Debug|x86 = Debug|x86
		Release|Any CPU = Release|Any CPU
		Release|x64 = Release|x64
		Release|x86 = Release|x86
	EndGlobalSection
	GlobalSection(ProjectConfigurationPlatforms) = postSolution
		{6A4773C3-2076-4039-BE00-3C18DC4F23A7}.Debug|Any CPU.ActiveCfg = Debug|Any CPU
		{6A4773C3-2076-4039-BE00-3C18DC4F23A7}.Debug|Any CPU.Build.0 = Debug|Any CPU
		{6A4773C3-2076-4039-BE00-3C18DC4F23A7}.Debug|x64.ActiveCfg = Debug|Any CPU
		{6A4773C3-2076-4039-BE00-3C18DC4F23A7}.Debug|x64.Build.0 = Debug|Any CPU
		{6A4773C3-2076-4039-BE00-3C18DC4F23A7}.Debug|x86.ActiveCfg = Debug|Any CPU
		{6A4773C3-2076-4039-BE00-3C18DC4F23A7}.Debug|x86.Build.0 = Debug|Any CPU
		{6A4773C3-2076-4039-BE00-3C18DC4F23A7}.Release|Any CPU.ActiveCfg = Release|Any CPU
		{6A4773C3-2076-4039-BE00-3C18DC4F23A7}.Release|Any CPU.Build.0 = Release|Any CPU
		{6A4773C3-2076-4039-BE00-3C18DC4F23A7}.Release|x64.ActiveCfg = Release|Any CPU
		{6A4773C3-2076-4039-BE00-3C18DC4F23A7}.Release|x64.Build.0 = Release|Any CPU
		{6A4773C3-2076-4039-BE00-3C18DC4F23A7}.Release|x86.ActiveCfg = Release|Any CPU
		{6A4773C3-2076-4039-BE00-3C18DC4F23A7}.Release|x86.Build.0 = Release|Any CPU
		{BE56C9CB-94B7-42C9-BEE1-8C5BF4C2DDF9}.Debug|Any CPU.ActiveCfg = Debug|Any CPU
		{BE56C9CB-94B7-42C9-BEE1-8C5BF4C2DDF9}.Debug|Any CPU.Build.0 = Debug|Any CPU
		{BE56C9CB-94B7-42C9-BEE1-8C5BF4C2DDF9}.Debug|x64.ActiveCfg = Debug|Any CPU
		{BE56C9CB-94B7-42C9-BEE1-8C5BF4C2DDF9}.Debug|x64.Build.0 = Debug|Any CPU
		{BE56C9CB-94B7-42C9-BEE1-8C5BF4C2DDF9}.Debug|x86.ActiveCfg = Debug|Any CPU
		{BE56C9CB-94B7-42C9-BEE1-8C5BF4C2DDF9}.Debug|x86.Build.0 = Debug|Any CPU
		{BE56C9CB-94B7-42C9-BEE1-8C5BF4C2DDF9}.Release|Any CPU.ActiveCfg = Release|Any CPU
		{BE56C9CB-94B7-42C9-BEE1-8C5BF4C2DDF9}.Release|Any CPU.Build.0 = Release|Any CPU
		{BE56C9CB-94B7-42C9-BEE1-8C5BF4C2DDF9}.Release|x64.ActiveCfg = Release|Any CPU
		{BE56C9CB-94B7-42C9-BEE1-8C5BF4C2DDF9}.Release|x64.Build.0 = Release|Any CPU
		{BE56C9CB-94B7-42C9-BEE1-8C5BF4C2DDF9}.Release|x86.ActiveCfg = Release|Any CPU
		{BE56C9CB-94B7-42C9-BEE1-8C5BF4C2DDF9}.Release|x86.Build.0 = Release|Any CPU
		{03818817-9547-4961-8CB0-E01B588AE192}.Debug|Any CPU.ActiveCfg = Debug|Any CPU
		{03818817-9547-4961-8CB0-E01B588AE192}.Debug|Any CPU.Build.0 = Debug|Any CPU
		{03818817-9547-4961-8CB0-E01B588AE192}.Debug|x64.ActiveCfg = Debug|Any CPU
		{03818817-9547-4961-8CB0-E01B588AE192}.Debug|x64.Build.0 = Debug|Any CPU
		{03818817-9547-4961-8CB0-E01B588AE192}.Debug|x86.ActiveCfg = Debug|Any CPU
		{03818817-9547-4961-8CB0-E01B588AE192}.Debug|x86.Build.0 = Debug|Any CPU
		{03818817-9547-4961-8CB0-E01B588AE192}.Release|Any CPU.ActiveCfg = Release|Any CPU
		{03818817-9547-4961-8CB0-E01B588AE192}.Release|Any CPU.Build.0 = Release|Any CPU
		{03818817-9547-4961-8CB0-E01B588AE192}.Release|x64.ActiveCfg = Release|Any CPU
		{03818817-9547-4961-8CB0-E01B588AE192}.Release|x64.Build.0 = Release|Any CPU
		{03818817-9547-4961-8CB0-E01B588AE192}.Release|x86.ActiveCfg = Release|Any CPU
		{03818817-9547-4961-8CB0-E01B588AE192}.Release|x86.Build.0 = Release|Any CPU
		{5C4B8D99-C55D-4BDB-BC47-46119CF29611}.Debug|Any CPU.ActiveCfg = Debug|Any CPU
		{5C4B8D99-C55D-4BDB-BC47-46119CF29611}.Debug|Any CPU.Build.0 = Debug|Any CPU
		{5C4B8D99-C55D-4BDB-BC47-46119CF29611}.Debug|x64.ActiveCfg = Debug|Any CPU
		{5C4B8D99-C55D-4BDB-BC47-46119CF29611}.Debug|x64.Build.0 = Debug|Any CPU
		{5C4B8D99-C55D-4BDB-BC47-46119CF29611}.Debug|x86.ActiveCfg = Debug|Any CPU
		{5C4B8D99-C55D-4BDB-BC47-46119CF29611}.Debug|x86.Build.0 = Debug|Any CPU
		{5C4B8D99-C55D-4BDB-BC47-46119CF29611}.Release|Any CPU.ActiveCfg = Release|Any CPU
		{5C4B8D99-C55D-4BDB-BC47-46119CF29611}.Release|Any CPU.Build.0 = Release|Any CPU
		{5C4B8D99-C55D-4BDB-BC47-46119CF29611}.Release|x64.ActiveCfg = Release|Any CPU
		{5C4B8D99-C55D-4BDB-BC47-46119CF29611}.Release|x64.Build.0 = Release|Any CPU
		{5C4B8D99-C55D-4BDB-BC47-46119CF29611}.Release|x86.ActiveCfg = Release|Any CPU
		{5C4B8D99-C55D-4BDB-BC47-46119CF29611}.Release|x86.Build.0 = Release|Any CPU
		{0F9FB89D-6353-450F-9B49-14C0D24DB1EB}.Debug|Any CPU.ActiveCfg = Debug|Any CPU
		{0F9FB89D-6353-450F-9B49-14C0D24DB1EB}.Debug|Any CPU.Build.0 = Debug|Any CPU
		{0F9FB89D-6353-450F-9B49-14C0D24DB1EB}.Debug|x64.ActiveCfg = Debug|Any CPU
		{0F9FB89D-6353-450F-9B49-14C0D24DB1EB}.Debug|x64.Build.0 = Debug|Any CPU
		{0F9FB89D-6353-450F-9B49-14C0D24DB1EB}.Debug|x86.ActiveCfg = Debug|Any CPU
		{0F9FB89D-6353-450F-9B49-14C0D24DB1EB}.Debug|x86.Build.0 = Debug|Any CPU
		{0F9FB89D-6353-450F-9B49-14C0D24DB1EB}.Release|Any CPU.ActiveCfg = Release|Any CPU
		{0F9FB89D-6353-450F-9B49-14C0D24DB1EB}.Release|Any CPU.Build.0 = Release|Any CPU
		{0F9FB89D-6353-450F-9B49-14C0D24DB1EB}.Release|x64.ActiveCfg = Release|Any CPU
		{0F9FB89D-6353-450F-9B49-14C0D24DB1EB}.Release|x64.Build.0 = Release|Any CPU
		{0F9FB89D-6353-450F-9B49-14C0D24DB1EB}.Release|x86.ActiveCfg = Release|Any CPU
		{0F9FB89D-6353-450F-9B49-14C0D24DB1EB}.Release|x86.Build.0 = Release|Any CPU
		{7567DACE-38D2-4399-B9E6-D1381BC67707}.Debug|Any CPU.ActiveCfg = Debug|Any CPU
		{7567DACE-38D2-4399-B9E6-D1381BC67707}.Debug|Any CPU.Build.0 = Debug|Any CPU
		{7567DACE-38D2-4399-B9E6-D1381BC67707}.Debug|x64.ActiveCfg = Debug|Any CPU
		{7567DACE-38D2-4399-B9E6-D1381BC67707}.Debug|x64.Build.0 = Debug|Any CPU
		{7567DACE-38D2-4399-B9E6-D1381BC67707}.Debug|x86.ActiveCfg = Debug|Any CPU
		{7567DACE-38D2-4399-B9E6-D1381BC67707}.Debug|x86.Build.0 = Debug|Any CPU
		{7567DACE-38D2-4399-B9E6-D1381BC67707}.Release|Any CPU.ActiveCfg = Release|Any CPU
		{7567DACE-38D2-4399-B9E6-D1381BC67707}.Release|Any CPU.Build.0 = Release|Any CPU
		{7567DACE-38D2-4399-B9E6-D1381BC67707}.Release|x64.ActiveCfg = Release|Any CPU
		{7567DACE-38D2-4399-B9E6-D1381BC67707}.Release|x64.Build.0 = Release|Any CPU
		{7567DACE-38D2-4399-B9E6-D1381BC67707}.Release|x86.ActiveCfg = Release|Any CPU
		{7567DACE-38D2-4399-B9E6-D1381BC67707}.Release|x86.Build.0 = Release|Any CPU
		{91F020C1-EF49-4D65-A201-2FBE802D3762}.Debug|Any CPU.ActiveCfg = Debug|Any CPU
		{91F020C1-EF49-4D65-A201-2FBE802D3762}.Debug|Any CPU.Build.0 = Debug|Any CPU
		{91F020C1-EF49-4D65-A201-2FBE802D3762}.Debug|x64.ActiveCfg = Debug|Any CPU
		{91F020C1-EF49-4D65-A201-2FBE802D3762}.Debug|x64.Build.0 = Debug|Any CPU
		{91F020C1-EF49-4D65-A201-2FBE802D3762}.Debug|x86.ActiveCfg = Debug|Any CPU
		{91F020C1-EF49-4D65-A201-2FBE802D3762}.Debug|x86.Build.0 = Debug|Any CPU
		{91F020C1-EF49-4D65-A201-2FBE802D3762}.Release|Any CPU.ActiveCfg = Release|Any CPU
		{91F020C1-EF49-4D65-A201-2FBE802D3762}.Release|Any CPU.Build.0 = Release|Any CPU
		{91F020C1-EF49-4D65-A201-2FBE802D3762}.Release|x64.ActiveCfg = Release|Any CPU
		{91F020C1-EF49-4D65-A201-2FBE802D3762}.Release|x64.Build.0 = Release|Any CPU
		{91F020C1-EF49-4D65-A201-2FBE802D3762}.Release|x86.ActiveCfg = Release|Any CPU
		{91F020C1-EF49-4D65-A201-2FBE802D3762}.Release|x86.Build.0 = Release|Any CPU
		{4B1B05EB-E04F-401E-B5BF-D0EE3074C20B}.Debug|Any CPU.ActiveCfg = Debug|Any CPU
		{4B1B05EB-E04F-401E-B5BF-D0EE3074C20B}.Debug|Any CPU.Build.0 = Debug|Any CPU
		{4B1B05EB-E04F-401E-B5BF-D0EE3074C20B}.Debug|x64.ActiveCfg = Debug|Any CPU
		{4B1B05EB-E04F-401E-B5BF-D0EE3074C20B}.Debug|x64.Build.0 = Debug|Any CPU
		{4B1B05EB-E04F-401E-B5BF-D0EE3074C20B}.Debug|x86.ActiveCfg = Debug|Any CPU
		{4B1B05EB-E04F-401E-B5BF-D0EE3074C20B}.Debug|x86.Build.0 = Debug|Any CPU
		{4B1B05EB-E04F-401E-B5BF-D0EE3074C20B}.Release|Any CPU.ActiveCfg = Release|Any CPU
		{4B1B05EB-E04F-401E-B5BF-D0EE3074C20B}.Release|Any CPU.Build.0 = Release|Any CPU
		{4B1B05EB-E04F-401E-B5BF-D0EE3074C20B}.Release|x64.ActiveCfg = Release|Any CPU
		{4B1B05EB-E04F-401E-B5BF-D0EE3074C20B}.Release|x64.Build.0 = Release|Any CPU
		{4B1B05EB-E04F-401E-B5BF-D0EE3074C20B}.Release|x86.ActiveCfg = Release|Any CPU
		{4B1B05EB-E04F-401E-B5BF-D0EE3074C20B}.Release|x86.Build.0 = Release|Any CPU
		{40B0797F-16CF-440F-82DC-140D3EBAF28F}.Debug|Any CPU.ActiveCfg = Debug|Any CPU
		{40B0797F-16CF-440F-82DC-140D3EBAF28F}.Debug|Any CPU.Build.0 = Debug|Any CPU
		{40B0797F-16CF-440F-82DC-140D3EBAF28F}.Debug|x64.ActiveCfg = Debug|Any CPU
		{40B0797F-16CF-440F-82DC-140D3EBAF28F}.Debug|x64.Build.0 = Debug|Any CPU
		{40B0797F-16CF-440F-82DC-140D3EBAF28F}.Debug|x86.ActiveCfg = Debug|Any CPU
		{40B0797F-16CF-440F-82DC-140D3EBAF28F}.Debug|x86.Build.0 = Debug|Any CPU
		{40B0797F-16CF-440F-82DC-140D3EBAF28F}.Release|Any CPU.ActiveCfg = Release|Any CPU
		{40B0797F-16CF-440F-82DC-140D3EBAF28F}.Release|Any CPU.Build.0 = Release|Any CPU
		{40B0797F-16CF-440F-82DC-140D3EBAF28F}.Release|x64.ActiveCfg = Release|Any CPU
		{40B0797F-16CF-440F-82DC-140D3EBAF28F}.Release|x64.Build.0 = Release|Any CPU
		{40B0797F-16CF-440F-82DC-140D3EBAF28F}.Release|x86.ActiveCfg = Release|Any CPU
		{40B0797F-16CF-440F-82DC-140D3EBAF28F}.Release|x86.Build.0 = Release|Any CPU
		{1FDA72DC-B765-472F-800D-DB548DBA765E}.Debug|Any CPU.ActiveCfg = Debug|Any CPU
		{1FDA72DC-B765-472F-800D-DB548DBA765E}.Debug|Any CPU.Build.0 = Debug|Any CPU
		{1FDA72DC-B765-472F-800D-DB548DBA765E}.Debug|x64.ActiveCfg = Debug|Any CPU
		{1FDA72DC-B765-472F-800D-DB548DBA765E}.Debug|x64.Build.0 = Debug|Any CPU
		{1FDA72DC-B765-472F-800D-DB548DBA765E}.Debug|x86.ActiveCfg = Debug|Any CPU
		{1FDA72DC-B765-472F-800D-DB548DBA765E}.Debug|x86.Build.0 = Debug|Any CPU
		{1FDA72DC-B765-472F-800D-DB548DBA765E}.Release|Any CPU.ActiveCfg = Release|Any CPU
		{1FDA72DC-B765-472F-800D-DB548DBA765E}.Release|Any CPU.Build.0 = Release|Any CPU
		{1FDA72DC-B765-472F-800D-DB548DBA765E}.Release|x64.ActiveCfg = Release|Any CPU
		{1FDA72DC-B765-472F-800D-DB548DBA765E}.Release|x64.Build.0 = Release|Any CPU
		{1FDA72DC-B765-472F-800D-DB548DBA765E}.Release|x86.ActiveCfg = Release|Any CPU
		{1FDA72DC-B765-472F-800D-DB548DBA765E}.Release|x86.Build.0 = Release|Any CPU
		{925D2234-2317-4084-877D-68F875EA52C2}.Debug|Any CPU.ActiveCfg = Debug|Any CPU
		{925D2234-2317-4084-877D-68F875EA52C2}.Debug|Any CPU.Build.0 = Debug|Any CPU
		{925D2234-2317-4084-877D-68F875EA52C2}.Debug|x64.ActiveCfg = Debug|Any CPU
		{925D2234-2317-4084-877D-68F875EA52C2}.Debug|x64.Build.0 = Debug|Any CPU
		{925D2234-2317-4084-877D-68F875EA52C2}.Debug|x86.ActiveCfg = Debug|Any CPU
		{925D2234-2317-4084-877D-68F875EA52C2}.Debug|x86.Build.0 = Debug|Any CPU
		{925D2234-2317-4084-877D-68F875EA52C2}.Release|Any CPU.ActiveCfg = Release|Any CPU
		{925D2234-2317-4084-877D-68F875EA52C2}.Release|Any CPU.Build.0 = Release|Any CPU
		{925D2234-2317-4084-877D-68F875EA52C2}.Release|x64.ActiveCfg = Release|Any CPU
		{925D2234-2317-4084-877D-68F875EA52C2}.Release|x64.Build.0 = Release|Any CPU
		{925D2234-2317-4084-877D-68F875EA52C2}.Release|x86.ActiveCfg = Release|Any CPU
		{925D2234-2317-4084-877D-68F875EA52C2}.Release|x86.Build.0 = Release|Any CPU
		{B78FD929-99EC-4025-92EB-76EEF519D2FC}.Debug|Any CPU.ActiveCfg = Debug|Any CPU
		{B78FD929-99EC-4025-92EB-76EEF519D2FC}.Debug|Any CPU.Build.0 = Debug|Any CPU
		{B78FD929-99EC-4025-92EB-76EEF519D2FC}.Debug|x64.ActiveCfg = Debug|Any CPU
		{B78FD929-99EC-4025-92EB-76EEF519D2FC}.Debug|x64.Build.0 = Debug|Any CPU
		{B78FD929-99EC-4025-92EB-76EEF519D2FC}.Debug|x86.ActiveCfg = Debug|Any CPU
		{B78FD929-99EC-4025-92EB-76EEF519D2FC}.Debug|x86.Build.0 = Debug|Any CPU
		{B78FD929-99EC-4025-92EB-76EEF519D2FC}.Release|Any CPU.ActiveCfg = Release|Any CPU
		{B78FD929-99EC-4025-92EB-76EEF519D2FC}.Release|Any CPU.Build.0 = Release|Any CPU
		{B78FD929-99EC-4025-92EB-76EEF519D2FC}.Release|x64.ActiveCfg = Release|Any CPU
		{B78FD929-99EC-4025-92EB-76EEF519D2FC}.Release|x64.Build.0 = Release|Any CPU
		{B78FD929-99EC-4025-92EB-76EEF519D2FC}.Release|x86.ActiveCfg = Release|Any CPU
		{B78FD929-99EC-4025-92EB-76EEF519D2FC}.Release|x86.Build.0 = Release|Any CPU
		{334FBC80-0913-4648-8498-43C690B4032A}.Debug|Any CPU.ActiveCfg = Debug|Any CPU
		{334FBC80-0913-4648-8498-43C690B4032A}.Debug|Any CPU.Build.0 = Debug|Any CPU
		{334FBC80-0913-4648-8498-43C690B4032A}.Debug|x64.ActiveCfg = Debug|Any CPU
		{334FBC80-0913-4648-8498-43C690B4032A}.Debug|x64.Build.0 = Debug|Any CPU
		{334FBC80-0913-4648-8498-43C690B4032A}.Debug|x86.ActiveCfg = Debug|Any CPU
		{334FBC80-0913-4648-8498-43C690B4032A}.Debug|x86.Build.0 = Debug|Any CPU
		{334FBC80-0913-4648-8498-43C690B4032A}.Release|Any CPU.ActiveCfg = Release|Any CPU
		{334FBC80-0913-4648-8498-43C690B4032A}.Release|Any CPU.Build.0 = Release|Any CPU
		{334FBC80-0913-4648-8498-43C690B4032A}.Release|x64.ActiveCfg = Release|Any CPU
		{334FBC80-0913-4648-8498-43C690B4032A}.Release|x64.Build.0 = Release|Any CPU
		{334FBC80-0913-4648-8498-43C690B4032A}.Release|x86.ActiveCfg = Release|Any CPU
		{334FBC80-0913-4648-8498-43C690B4032A}.Release|x86.Build.0 = Release|Any CPU
	EndGlobalSection
	GlobalSection(SolutionProperties) = preSolution
		HideSolutionNode = FALSE
	EndGlobalSection
	GlobalSection(NestedProjects) = preSolution
		{6A4773C3-2076-4039-BE00-3C18DC4F23A7} = {827E0CD3-B72D-47B6-A68D-7590B98EB39B}
		{BE56C9CB-94B7-42C9-BEE1-8C5BF4C2DDF9} = {0AB3BF05-4346-4AA6-1389-037BE0695223}
		{03818817-9547-4961-8CB0-E01B588AE192} = {5D20AA90-6969-D8BD-9DCD-8634F4692FDA}
		{5C4B8D99-C55D-4BDB-BC47-46119CF29611} = {5D20AA90-6969-D8BD-9DCD-8634F4692FDA}
		{0F9FB89D-6353-450F-9B49-14C0D24DB1EB} = {5D20AA90-6969-D8BD-9DCD-8634F4692FDA}
		{7567DACE-38D2-4399-B9E6-D1381BC67707} = {5D20AA90-6969-D8BD-9DCD-8634F4692FDA}
		{91F020C1-EF49-4D65-A201-2FBE802D3762} = {5D20AA90-6969-D8BD-9DCD-8634F4692FDA}
		{4B1B05EB-E04F-401E-B5BF-D0EE3074C20B} = {5D20AA90-6969-D8BD-9DCD-8634F4692FDA}
		{40B0797F-16CF-440F-82DC-140D3EBAF28F} = {5D20AA90-6969-D8BD-9DCD-8634F4692FDA}
		{1FDA72DC-B765-472F-800D-DB548DBA765E} = {5D20AA90-6969-D8BD-9DCD-8634F4692FDA}
		{925D2234-2317-4084-877D-68F875EA52C2} = {5D20AA90-6969-D8BD-9DCD-8634F4692FDA}
		{B78FD929-99EC-4025-92EB-76EEF519D2FC} = {5D20AA90-6969-D8BD-9DCD-8634F4692FDA}
		{334FBC80-0913-4648-8498-43C690B4032A} = {07C2787E-EAC7-C090-1BA3-A61EC2A24D84}
	EndGlobalSection
EndGlobal
